
Microsoft Visual Studio Solution File, Format Version 12.00
# Visual Studio 15
VisualStudioVersion = 15.0.27428.2037
MinimumVisualStudioVersion = 10.0.40219.1
Project("{FAE04EC0-301F-11D3-BF4B-00C04F79EFBC}") = "Robot Arm", "Robot Arm\Robot Arm.csproj", "{38C02BC9-3CD7-4770-AFF3-991C61541580}"
EndProject
Global
	GlobalSection(SolutionConfigurationPlatforms) = preSolution
		Debug|Any CPU = Debug|Any CPU
		Release|Any CPU = Release|Any CPU
	EndGlobalSection
	GlobalSection(ProjectConfigurationPlatforms) = postSolution
		{38C02BC9-3CD7-4770-AFF3-991C61541580}.Debug|Any CPU.ActiveCfg = Debug|Any CPU
		{38C02BC9-3CD7-4770-AFF3-991C61541580}.Debug|Any CPU.Build.0 = Debug|Any CPU
		{38C02BC9-3CD7-4770-AFF3-991C61541580}.Release|Any CPU.ActiveCfg = Release|Any CPU
		{38C02BC9-3CD7-4770-AFF3-991C61541580}.Release|Any CPU.Build.0 = Release|Any CPU
	EndGlobalSection
	GlobalSection(SolutionProperties) = preSolution
		HideSolutionNode = FALSE
	EndGlobalSection
	GlobalSection(ExtensibilityGlobals) = postSolution
		SolutionGuid = {58A90A2E-2AED-4E06-BD4B-987D9341AEE0}
	EndGlobalSection
EndGlobal
